{
  "name": "twitch-bg3-gamepad",
  "version": "1.0.0",
  "lockfileVersion": 3,
  "requires": true,
  "packages": {
    "": {
      "name": "twitch-bg3-gamepad",
      "version": "1.0.0",
      "license": "MIT",
      "devDependencies": {
        "typescript": "^5.3.3",
        "typescript-bundle": "^1.0.18",
        "uglify-js": "^3.17.4"
      }
    },
    "node_modules/typescript": {
      "version": "5.3.3",
      "resolved": "https://registry.npmjs.org/typescript/-/typescript-5.3.3.tgz",
      "integrity": "sha512-pXWcraxM0uxAS+tN0AG/BF2TyqmHO014Z070UsJ+pFvYuRSq8KH8DmWpnbXe0pEPDHXZV3FcAbJkijJ5oNEnWw==",
      "dev": true,
      "bin": {
        "tsc": "bin/tsc",
        "tsserver": "bin/tsserver"
      },
      "engines": {
        "node": ">=14.17"
      }
    },
    "node_modules/typescript-bundle": {
      "version": "1.0.18",
      "resolved": "https://registry.npmjs.org/typescript-bundle/-/typescript-bundle-1.0.18.tgz",
      "integrity": "sha512-ZtzMZPzW3bnL4c+jBjgSHxlnW9TdWQjFS5RLk4k0YJb85zv78rdslf13mKXUgHZjTeEyO8R59IQ4WqSdlEXhAw==",
      "dev": true,
      "bin": {
        "tsc-bundle": "tsc-bundle"
      }
    },
    "node_modules/uglify-js": {
      "version": "3.17.4",
      "resolved": "https://registry.npmjs.org/uglify-js/-/uglify-js-3.17.4.tgz",
      "integrity": "sha512-T9q82TJI9e/C1TAxYvfb16xO120tMVFZrGA3f9/P4424DNu6ypK103y0GPFVa17yotwSyZW5iYXgjYHkGrJW/g==",
      "dev": true,
      "bin": {
        "uglifyjs": "bin/uglifyjs"
      },
      "engines": {
        "node": ">=0.8.0"
      }
    }
  }
}
